// !$*UTF8*$!
{
	archiveVersion = 1;
	classes = {
	};
	objectVersion = 55;
	objects = {

/* Begin PBXBuildFile section */
		A00A6DA427BAB6E0003DC8C5 /* UltimatePortfolioApp.swift in Sources */ = {isa = PBXBuildFile; fileRef = A00A6DA327BAB6E0003DC8C5 /* UltimatePortfolioApp.swift */; };
		A00A6DA627BAB6E0003DC8C5 /* ContentView.swift in Sources */ = {isa = PBXBuildFile; fileRef = A00A6DA527BAB6E0003DC8C5 /* ContentView.swift */; };
		A00A6DA827BAB6E0003DC8C5 /* Assets.xcassets in Resources */ = {isa = PBXBuildFile; fileRef = A00A6DA727BAB6E0003DC8C5 /* Assets.xcassets */; };
		A00A6DAB27BAB6E0003DC8C5 /* Preview Assets.xcassets in Resources */ = {isa = PBXBuildFile; fileRef = A00A6DAA27BAB6E0003DC8C5 /* Preview Assets.xcassets */; };
		A00A6DB327BAB74B003DC8C5 /* Main.xcdatamodeld in Sources */ = {isa = PBXBuildFile; fileRef = A00A6DB127BAB74B003DC8C5 /* Main.xcdatamodeld */; };
		A00A6DB527BAB9C1003DC8C5 /* DataController.swift in Sources */ = {isa = PBXBuildFile; fileRef = A00A6DB427BAB9C1003DC8C5 /* DataController.swift */; };
		A00A6DBA27BAC359003DC8C5 /* CloudKit.framework in Frameworks */ = {isa = PBXBuildFile; fileRef = A00A6DB927BAC359003DC8C5 /* CloudKit.framework */; };
		A02F8C5627CC19EB00D4574C /* Localizable.strings in Resources */ = {isa = PBXBuildFile; fileRef = A02F8C5827CC19EB00D4574C /* Localizable.strings */; };
		A02F8C5A27CC1A0800D4574C /* Localizable.stringsdict in Resources */ = {isa = PBXBuildFile; fileRef = A02F8C5C27CC1A0800D4574C /* Localizable.stringsdict */; };
		A02F8C5E27CC1AA100D4574C /* Awards.json in Resources */ = {isa = PBXBuildFile; fileRef = A02F8C6027CC1AA100D4574C /* Awards.json */; };
		A0340F1C27BE921600447A3A /* EditItemView.swift in Sources */ = {isa = PBXBuildFile; fileRef = A0340F1B27BE921600447A3A /* EditItemView.swift */; };
		A0340F2027BECA5200447A3A /* ItemRowView.swift in Sources */ = {isa = PBXBuildFile; fileRef = A0340F1F27BECA5200447A3A /* ItemRowView.swift */; };
		A0340F2227BECE6000447A3A /* Binding-OnChange.swift in Sources */ = {isa = PBXBuildFile; fileRef = A0340F2127BECE6000447A3A /* Binding-OnChange.swift */; };
		A046090B27BBE1D30034813F /* HomeView.swift in Sources */ = {isa = PBXBuildFile; fileRef = A046090A27BBE1D30034813F /* HomeView.swift */; };
		A046090D27BBE23E0034813F /* ProjectsView.swift in Sources */ = {isa = PBXBuildFile; fileRef = A046090C27BBE23E0034813F /* ProjectsView.swift */; };
		A046220A27C52B7900FB4F88 /* SelectSomethingView.swift in Sources */ = {isa = PBXBuildFile; fileRef = A046220927C52B7900FB4F88 /* SelectSomethingView.swift */; };
		A046456F27C3EC0200F5E737 /* Sequence-Sorting.swift in Sources */ = {isa = PBXBuildFile; fileRef = A046456E27C3EC0200F5E737 /* Sequence-Sorting.swift */; };
		A0C25F9127CEE97B006B7E46 /* ItemListView.swift in Sources */ = {isa = PBXBuildFile; fileRef = A0C25F9027CEE97B006B7E46 /* ItemListView.swift */; };
		A0C25F9327CEEA67006B7E46 /* ProjectSummaryView.swift in Sources */ = {isa = PBXBuildFile; fileRef = A0C25F9227CEEA67006B7E46 /* ProjectSummaryView.swift */; };
		A0C4485C27C9131D0031D9C2 /* Color-Additions.swift in Sources */ = {isa = PBXBuildFile; fileRef = A0C4485B27C9131D0031D9C2 /* Color-Additions.swift */; };
		A0CF280A27BD49070055E68C /* Item-CoreDataHelpers.swift in Sources */ = {isa = PBXBuildFile; fileRef = A0CF280927BD49070055E68C /* Item-CoreDataHelpers.swift */; };
		A0CF280C27BD49810055E68C /* Project-CoreDataHelpers.swift in Sources */ = {isa = PBXBuildFile; fileRef = A0CF280B27BD49810055E68C /* Project-CoreDataHelpers.swift */; };
		A0E3F15027BFD8DF002598C0 /* ProjectHeaderView.swift in Sources */ = {isa = PBXBuildFile; fileRef = A0E3F14F27BFD8DF002598C0 /* ProjectHeaderView.swift */; };
		A0E3F15227BFE243002598C0 /* Colors.xcassets in Resources */ = {isa = PBXBuildFile; fileRef = A0E3F15127BFE243002598C0 /* Colors.xcassets */; };
		A0E3F15427BFE381002598C0 /* EditProjectView.swift in Sources */ = {isa = PBXBuildFile; fileRef = A0E3F15327BFE381002598C0 /* EditProjectView.swift */; };
		A0F3227927C66E780013F889 /* Bundle-Decodable.swift in Sources */ = {isa = PBXBuildFile; fileRef = A0F3227827C66E780013F889 /* Bundle-Decodable.swift */; };
		A0F3227D27C67C690013F889 /* Award.swift in Sources */ = {isa = PBXBuildFile; fileRef = A0F3227C27C67C690013F889 /* Award.swift */; };
		A0F3228127C67D540013F889 /* AwardsView.swift in Sources */ = {isa = PBXBuildFile; fileRef = A0F3228027C67D540013F889 /* AwardsView.swift */; };
/* End PBXBuildFile section */

/* Begin PBXFileReference section */
		A00A6DA027BAB6E0003DC8C5 /* UltimatePortfolio.app */ = {isa = PBXFileReference; explicitFileType = wrapper.application; includeInIndex = 0; path = UltimatePortfolio.app; sourceTree = BUILT_PRODUCTS_DIR; };
		A00A6DA327BAB6E0003DC8C5 /* UltimatePortfolioApp.swift */ = {isa = PBXFileReference; lastKnownFileType = sourcecode.swift; path = UltimatePortfolioApp.swift; sourceTree = "<group>"; };
		A00A6DA527BAB6E0003DC8C5 /* ContentView.swift */ = {isa = PBXFileReference; lastKnownFileType = sourcecode.swift; path = ContentView.swift; sourceTree = "<group>"; };
		A00A6DA727BAB6E0003DC8C5 /* Assets.xcassets */ = {isa = PBXFileReference; lastKnownFileType = folder.assetcatalog; path = Assets.xcassets; sourceTree = "<group>"; };
		A00A6DAA27BAB6E0003DC8C5 /* Preview Assets.xcassets */ = {isa = PBXFileReference; lastKnownFileType = folder.assetcatalog; path = "Preview Assets.xcassets"; sourceTree = "<group>"; };
		A00A6DB227BAB74B003DC8C5 /* Main.xcdatamodel */ = {isa = PBXFileReference; lastKnownFileType = wrapper.xcdatamodel; path = Main.xcdatamodel; sourceTree = "<group>"; };
		A00A6DB427BAB9C1003DC8C5 /* DataController.swift */ = {isa = PBXFileReference; lastKnownFileType = sourcecode.swift; path = DataController.swift; sourceTree = "<group>"; };
		A00A6DB627BAC33A003DC8C5 /* UltimatePortfolio.entitlements */ = {isa = PBXFileReference; lastKnownFileType = text.plist.entitlements; path = UltimatePortfolio.entitlements; sourceTree = "<group>"; };
		A00A6DB727BAC33E003DC8C5 /* Info.plist */ = {isa = PBXFileReference; lastKnownFileType = text.plist; path = Info.plist; sourceTree = "<group>"; };
		A00A6DB927BAC359003DC8C5 /* CloudKit.framework */ = {isa = PBXFileReference; lastKnownFileType = wrapper.framework; name = CloudKit.framework; path = System/Library/Frameworks/CloudKit.framework; sourceTree = SDKROOT; };
		A02F8C5727CC19EB00D4574C /* hu */ = {isa = PBXFileReference; lastKnownFileType = text.plist.strings; name = hu; path = hu.lproj/Localizable.strings; sourceTree = "<group>"; };
		A02F8C5927CC19F900D4574C /* en */ = {isa = PBXFileReference; lastKnownFileType = text.plist.strings; name = en; path = en.lproj/Localizable.strings; sourceTree = "<group>"; };
		A02F8C5B27CC1A0800D4574C /* hu */ = {isa = PBXFileReference; lastKnownFileType = text.plist.stringsdict; name = hu; path = hu.lproj/Localizable.stringsdict; sourceTree = "<group>"; };
		A02F8C5D27CC1A0B00D4574C /* en */ = {isa = PBXFileReference; lastKnownFileType = text.plist.stringsdict; name = en; path = en.lproj/Localizable.stringsdict; sourceTree = "<group>"; };
		A02F8C5F27CC1AA100D4574C /* en */ = {isa = PBXFileReference; lastKnownFileType = text.json; name = en; path = en.lproj/Awards.json; sourceTree = "<group>"; };
		A02F8C6127CC1AA700D4574C /* hu */ = {isa = PBXFileReference; lastKnownFileType = text.json; name = hu; path = hu.lproj/Awards.json; sourceTree = "<group>"; };
		A0340F1B27BE921600447A3A /* EditItemView.swift */ = {isa = PBXFileReference; lastKnownFileType = sourcecode.swift; path = EditItemView.swift; sourceTree = "<group>"; };
		A0340F1F27BECA5200447A3A /* ItemRowView.swift */ = {isa = PBXFileReference; lastKnownFileType = sourcecode.swift; path = ItemRowView.swift; sourceTree = "<group>"; };
		A0340F2127BECE6000447A3A /* Binding-OnChange.swift */ = {isa = PBXFileReference; lastKnownFileType = sourcecode.swift; path = "Binding-OnChange.swift"; sourceTree = "<group>"; };
		A046090A27BBE1D30034813F /* HomeView.swift */ = {isa = PBXFileReference; lastKnownFileType = sourcecode.swift; path = HomeView.swift; sourceTree = "<group>"; };
		A046090C27BBE23E0034813F /* ProjectsView.swift */ = {isa = PBXFileReference; lastKnownFileType = sourcecode.swift; path = ProjectsView.swift; sourceTree = "<group>"; };
		A046220927C52B7900FB4F88 /* SelectSomethingView.swift */ = {isa = PBXFileReference; lastKnownFileType = sourcecode.swift; path = SelectSomethingView.swift; sourceTree = "<group>"; };
		A046456E27C3EC0200F5E737 /* Sequence-Sorting.swift */ = {isa = PBXFileReference; lastKnownFileType = sourcecode.swift; path = "Sequence-Sorting.swift"; sourceTree = "<group>"; };
		A0C25F9027CEE97B006B7E46 /* ItemListView.swift */ = {isa = PBXFileReference; lastKnownFileType = sourcecode.swift; path = ItemListView.swift; sourceTree = "<group>"; };
		A0C25F9227CEEA67006B7E46 /* ProjectSummaryView.swift */ = {isa = PBXFileReference; lastKnownFileType = sourcecode.swift; path = ProjectSummaryView.swift; sourceTree = "<group>"; };
		A0C4485B27C9131D0031D9C2 /* Color-Additions.swift */ = {isa = PBXFileReference; lastKnownFileType = sourcecode.swift; path = "Color-Additions.swift"; sourceTree = "<group>"; };
		A0CF280927BD49070055E68C /* Item-CoreDataHelpers.swift */ = {isa = PBXFileReference; lastKnownFileType = sourcecode.swift; path = "Item-CoreDataHelpers.swift"; sourceTree = "<group>"; };
		A0CF280B27BD49810055E68C /* Project-CoreDataHelpers.swift */ = {isa = PBXFileReference; lastKnownFileType = sourcecode.swift; path = "Project-CoreDataHelpers.swift"; sourceTree = "<group>"; };
		A0E3F14F27BFD8DF002598C0 /* ProjectHeaderView.swift */ = {isa = PBXFileReference; lastKnownFileType = sourcecode.swift; path = ProjectHeaderView.swift; sourceTree = "<group>"; };
		A0E3F15127BFE243002598C0 /* Colors.xcassets */ = {isa = PBXFileReference; lastKnownFileType = folder.assetcatalog; path = Colors.xcassets; sourceTree = "<group>"; };
		A0E3F15327BFE381002598C0 /* EditProjectView.swift */ = {isa = PBXFileReference; lastKnownFileType = sourcecode.swift; path = EditProjectView.swift; sourceTree = "<group>"; };
		A0F3227827C66E780013F889 /* Bundle-Decodable.swift */ = {isa = PBXFileReference; lastKnownFileType = sourcecode.swift; path = "Bundle-Decodable.swift"; sourceTree = "<group>"; };
		A0F3227C27C67C690013F889 /* Award.swift */ = {isa = PBXFileReference; lastKnownFileType = sourcecode.swift; path = Award.swift; sourceTree = "<group>"; };
		A0F3228027C67D540013F889 /* AwardsView.swift */ = {isa = PBXFileReference; lastKnownFileType = sourcecode.swift; path = AwardsView.swift; sourceTree = "<group>"; };
/* End PBXFileReference section */

/* Begin PBXFrameworksBuildPhase section */
		A00A6D9D27BAB6E0003DC8C5 /* Frameworks */ = {
			isa = PBXFrameworksBuildPhase;
			buildActionMask = 2147483647;
			files = (
				A00A6DBA27BAC359003DC8C5 /* CloudKit.framework in Frameworks */,
			);
			runOnlyForDeploymentPostprocessing = 0;
		};
/* End PBXFrameworksBuildPhase section */

/* Begin PBXGroup section */
		A00A6D9727BAB6E0003DC8C5 = {
			isa = PBXGroup;
			children = (
				A00A6DA227BAB6E0003DC8C5 /* UltimatePortfolio */,
				A00A6DA127BAB6E0003DC8C5 /* Products */,
				A00A6DB827BAC359003DC8C5 /* Frameworks */,
			);
			sourceTree = "<group>";
		};
		A00A6DA127BAB6E0003DC8C5 /* Products */ = {
			isa = PBXGroup;
			children = (
				A00A6DA027BAB6E0003DC8C5 /* UltimatePortfolio.app */,
			);
			name = Products;
			sourceTree = "<group>";
		};
		A00A6DA227BAB6E0003DC8C5 /* UltimatePortfolio */ = {
			isa = PBXGroup;
			children = (
				A00A6DB727BAC33E003DC8C5 /* Info.plist */,
				A00A6DB627BAC33A003DC8C5 /* UltimatePortfolio.entitlements */,
				A00A6DA327BAB6E0003DC8C5 /* UltimatePortfolioApp.swift */,
				A00A6DA527BAB6E0003DC8C5 /* ContentView.swift */,
				A046090A27BBE1D30034813F /* HomeView.swift */,
				A046090C27BBE23E0034813F /* ProjectsView.swift */,
				A0E3F14F27BFD8DF002598C0 /* ProjectHeaderView.swift */,
				A0340F1B27BE921600447A3A /* EditItemView.swift */,
				A0F3227827C66E780013F889 /* Bundle-Decodable.swift */,
				A046220927C52B7900FB4F88 /* SelectSomethingView.swift */,
				A0340F1F27BECA5200447A3A /* ItemRowView.swift */,
				A0F3228027C67D540013F889 /* AwardsView.swift */,
				A0C25F9027CEE97B006B7E46 /* ItemListView.swift */,
				A0C25F9227CEEA67006B7E46 /* ProjectSummaryView.swift */,
				A00A6DB427BAB9C1003DC8C5 /* DataController.swift */,
				A0E3F15327BFE381002598C0 /* EditProjectView.swift */,
				A0F3227C27C67C690013F889 /* Award.swift */,
				A0CF280927BD49070055E68C /* Item-CoreDataHelpers.swift */,
				A0C4485B27C9131D0031D9C2 /* Color-Additions.swift */,
				A0CF280B27BD49810055E68C /* Project-CoreDataHelpers.swift */,
				A02F8C6027CC1AA100D4574C /* Awards.json */,
				A046456E27C3EC0200F5E737 /* Sequence-Sorting.swift */,
				A02F8C5827CC19EB00D4574C /* Localizable.strings */,
				A02F8C5C27CC1A0800D4574C /* Localizable.stringsdict */,
				A0E3F15127BFE243002598C0 /* Colors.xcassets */,
				A0340F2127BECE6000447A3A /* Binding-OnChange.swift */,
				A00A6DB127BAB74B003DC8C5 /* Main.xcdatamodeld */,
				A00A6DA727BAB6E0003DC8C5 /* Assets.xcassets */,
				A00A6DA927BAB6E0003DC8C5 /* Preview Content */,
			);
			path = UltimatePortfolio;
			sourceTree = "<group>";
		};
		A00A6DA927BAB6E0003DC8C5 /* Preview Content */ = {
			isa = PBXGroup;
			children = (
				A00A6DAA27BAB6E0003DC8C5 /* Preview Assets.xcassets */,
			);
			path = "Preview Content";
			sourceTree = "<group>";
		};
		A00A6DB827BAC359003DC8C5 /* Frameworks */ = {
			isa = PBXGroup;
			children = (
				A00A6DB927BAC359003DC8C5 /* CloudKit.framework */,
			);
			name = Frameworks;
			sourceTree = "<group>";
		};
/* End PBXGroup section */

/* Begin PBXNativeTarget section */
		A00A6D9F27BAB6E0003DC8C5 /* UltimatePortfolio */ = {
			isa = PBXNativeTarget;
			buildConfigurationList = A00A6DAE27BAB6E0003DC8C5 /* Build configuration list for PBXNativeTarget "UltimatePortfolio" */;
			buildPhases = (
				A00A6D9C27BAB6E0003DC8C5 /* Sources */,
				A00A6D9D27BAB6E0003DC8C5 /* Frameworks */,
				A00A6D9E27BAB6E0003DC8C5 /* Resources */,
			);
			buildRules = (
			);
			dependencies = (
			);
			name = UltimatePortfolio;
			productName = UltimatePortfolio;
			productReference = A00A6DA027BAB6E0003DC8C5 /* UltimatePortfolio.app */;
			productType = "com.apple.product-type.application";
		};
/* End PBXNativeTarget section */

/* Begin PBXProject section */
		A00A6D9827BAB6E0003DC8C5 /* Project object */ = {
			isa = PBXProject;
			attributes = {
				BuildIndependentTargetsInParallel = 1;
				LastSwiftUpdateCheck = 1320;
				LastUpgradeCheck = 1320;
				TargetAttributes = {
					A00A6D9F27BAB6E0003DC8C5 = {
						CreatedOnToolsVersion = 13.2.1;
					};
				};
			};
			buildConfigurationList = A00A6D9B27BAB6E0003DC8C5 /* Build configuration list for PBXProject "UltimatePortfolio" */;
			compatibilityVersion = "Xcode 13.0";
			developmentRegion = en;
			hasScannedForEncodings = 0;
			knownRegions = (
				en,
				Base,
				hu,
			);
			mainGroup = A00A6D9727BAB6E0003DC8C5;
			productRefGroup = A00A6DA127BAB6E0003DC8C5 /* Products */;
			projectDirPath = "";
			projectRoot = "";
			targets = (
				A00A6D9F27BAB6E0003DC8C5 /* UltimatePortfolio */,
			);
		};
/* End PBXProject section */

/* Begin PBXResourcesBuildPhase section */
		A00A6D9E27BAB6E0003DC8C5 /* Resources */ = {
			isa = PBXResourcesBuildPhase;
			buildActionMask = 2147483647;
			files = (
				A02F8C5627CC19EB00D4574C /* Localizable.strings in Resources */,
				A0E3F15227BFE243002598C0 /* Colors.xcassets in Resources */,
				A02F8C5E27CC1AA100D4574C /* Awards.json in Resources */,
				A00A6DAB27BAB6E0003DC8C5 /* Preview Assets.xcassets in Resources */,
				A00A6DA827BAB6E0003DC8C5 /* Assets.xcassets in Resources */,
				A02F8C5A27CC1A0800D4574C /* Localizable.stringsdict in Resources */,
			);
			runOnlyForDeploymentPostprocessing = 0;
		};
/* End PBXResourcesBuildPhase section */

/* Begin PBXSourcesBuildPhase section */
		A00A6D9C27BAB6E0003DC8C5 /* Sources */ = {
			isa = PBXSourcesBuildPhase;
			buildActionMask = 2147483647;
			files = (
				A046090D27BBE23E0034813F /* ProjectsView.swift in Sources */,
				A0C25F9327CEEA67006B7E46 /* ProjectSummaryView.swift in Sources */,
				A0E3F15027BFD8DF002598C0 /* ProjectHeaderView.swift in Sources */,
				A0F3228127C67D540013F889 /* AwardsView.swift in Sources */,
				A00A6DB327BAB74B003DC8C5 /* Main.xcdatamodeld in Sources */,
				A0CF280C27BD49810055E68C /* Project-CoreDataHelpers.swift in Sources */,
				A0C4485C27C9131D0031D9C2 /* Color-Additions.swift in Sources */,
				A0E3F15427BFE381002598C0 /* EditProjectView.swift in Sources */,
				A00A6DB527BAB9C1003DC8C5 /* DataController.swift in Sources */,
				A046220A27C52B7900FB4F88 /* SelectSomethingView.swift in Sources */,
				A0F3227D27C67C690013F889 /* Award.swift in Sources */,
				A0340F2027BECA5200447A3A /* ItemRowView.swift in Sources */,
				A00A6DA627BAB6E0003DC8C5 /* ContentView.swift in Sources */,
				A0340F2227BECE6000447A3A /* Binding-OnChange.swift in Sources */,
				A046456F27C3EC0200F5E737 /* Sequence-Sorting.swift in Sources */,
				A0F3227927C66E780013F889 /* Bundle-Decodable.swift in Sources */,
				A0C25F9127CEE97B006B7E46 /* ItemListView.swift in Sources */,
				A046090B27BBE1D30034813F /* HomeView.swift in Sources */,
				A00A6DA427BAB6E0003DC8C5 /* UltimatePortfolioApp.swift in Sources */,
				A0CF280A27BD49070055E68C /* Item-CoreDataHelpers.swift in Sources */,
				A0340F1C27BE921600447A3A /* EditItemView.swift in Sources */,
			);
			runOnlyForDeploymentPostprocessing = 0;
		};
/* End PBXSourcesBuildPhase section */

/* Begin PBXVariantGroup section */
		A02F8C5827CC19EB00D4574C /* Localizable.strings */ = {
			isa = PBXVariantGroup;
			children = (
				A02F8C5727CC19EB00D4574C /* hu */,
				A02F8C5927CC19F900D4574C /* en */,
			);
			name = Localizable.strings;
			sourceTree = "<group>";
		};
		A02F8C5C27CC1A0800D4574C /* Localizable.stringsdict */ = {
			isa = PBXVariantGroup;
			children = (
				A02F8C5B27CC1A0800D4574C /* hu */,
				A02F8C5D27CC1A0B00D4574C /* en */,
			);
			name = Localizable.stringsdict;
			sourceTree = "<group>";
		};
		A02F8C6027CC1AA100D4574C /* Awards.json */ = {
			isa = PBXVariantGroup;
			children = (
				A02F8C5F27CC1AA100D4574C /* en */,
				A02F8C6127CC1AA700D4574C /* hu */,
			);
			name = Awards.json;
			sourceTree = "<group>";
		};
/* End PBXVariantGroup section */

/* Begin XCBuildConfiguration section */
		A00A6DAC27BAB6E0003DC8C5 /* Debug */ = {
			isa = XCBuildConfiguration;
			buildSettings = {
				ALWAYS_SEARCH_USER_PATHS = NO;
				CLANG_ANALYZER_NONNULL = YES;
				CLANG_ANALYZER_NUMBER_OBJECT_CONVERSION = YES_AGGRESSIVE;
				CLANG_CXX_LANGUAGE_STANDARD = "gnu++17";
				CLANG_CXX_LIBRARY = "libc++";
				CLANG_ENABLE_MODULES = YES;
				CLANG_ENABLE_OBJC_ARC = YES;
				CLANG_ENABLE_OBJC_WEAK = YES;
				CLANG_WARN_BLOCK_CAPTURE_AUTORELEASING = YES;
				CLANG_WARN_BOOL_CONVERSION = YES;
				CLANG_WARN_COMMA = YES;
				CLANG_WARN_CONSTANT_CONVERSION = YES;
				CLANG_WARN_DEPRECATED_OBJC_IMPLEMENTATIONS = YES;
				CLANG_WARN_DIRECT_OBJC_ISA_USAGE = YES_ERROR;
				CLANG_WARN_DOCUMENTATION_COMMENTS = YES;
				CLANG_WARN_EMPTY_BODY = YES;
				CLANG_WARN_ENUM_CONVERSION = YES;
				CLANG_WARN_INFINITE_RECURSION = YES;
				CLANG_WARN_INT_CONVERSION = YES;
				CLANG_WARN_NON_LITERAL_NULL_CONVERSION = YES;
				CLANG_WARN_OBJC_IMPLICIT_RETAIN_SELF = YES;
				CLANG_WARN_OBJC_LITERAL_CONVERSION = YES;
				CLANG_WARN_OBJC_ROOT_CLASS = YES_ERROR;
				CLANG_WARN_QUOTED_INCLUDE_IN_FRAMEWORK_HEADER = YES;
				CLANG_WARN_RANGE_LOOP_ANALYSIS = YES;
				CLANG_WARN_STRICT_PROTOTYPES = YES;
				CLANG_WARN_SUSPICIOUS_MOVE = YES;
				CLANG_WARN_UNGUARDED_AVAILABILITY = YES_AGGRESSIVE;
				CLANG_WARN_UNREACHABLE_CODE = YES;
				CLANG_WARN__DUPLICATE_METHOD_MATCH = YES;
				COPY_PHASE_STRIP = NO;
				DEBUG_INFORMATION_FORMAT = dwarf;
				ENABLE_STRICT_OBJC_MSGSEND = YES;
				ENABLE_TESTABILITY = YES;
				GCC_C_LANGUAGE_STANDARD = gnu11;
				GCC_DYNAMIC_NO_PIC = NO;
				GCC_NO_COMMON_BLOCKS = YES;
				GCC_OPTIMIZATION_LEVEL = 0;
				GCC_PREPROCESSOR_DEFINITIONS = (
					"DEBUG=1",
					"$(inherited)",
				);
				GCC_WARN_64_TO_32_BIT_CONVERSION = YES;
				GCC_WARN_ABOUT_RETURN_TYPE = YES_ERROR;
				GCC_WARN_UNDECLARED_SELECTOR = YES;
				GCC_WARN_UNINITIALIZED_AUTOS = YES_AGGRESSIVE;
				GCC_WARN_UNUSED_FUNCTION = YES;
				GCC_WARN_UNUSED_VARIABLE = YES;
				IPHONEOS_DEPLOYMENT_TARGET = 15.2;
				MTL_ENABLE_DEBUG_INFO = INCLUDE_SOURCE;
				MTL_FAST_MATH = YES;
				ONLY_ACTIVE_ARCH = YES;
				SDKROOT = iphoneos;
				SWIFT_ACTIVE_COMPILATION_CONDITIONS = DEBUG;
				SWIFT_OPTIMIZATION_LEVEL = "-Onone";
			};
			name = Debug;
		};
		A00A6DAD27BAB6E0003DC8C5 /* Release */ = {
			isa = XCBuildConfiguration;
			buildSettings = {
				ALWAYS_SEARCH_USER_PATHS = NO;
				CLANG_ANALYZER_NONNULL = YES;
				CLANG_ANALYZER_NUMBER_OBJECT_CONVERSION = YES_AGGRESSIVE;
				CLANG_CXX_LANGUAGE_STANDARD = "gnu++17";
				CLANG_CXX_LIBRARY = "libc++";
				CLANG_ENABLE_MODULES = YES;
				CLANG_ENABLE_OBJC_ARC = YES;
				CLANG_ENABLE_OBJC_WEAK = YES;
				CLANG_WARN_BLOCK_CAPTURE_AUTORELEASING = YES;
				CLANG_WARN_BOOL_CONVERSION = YES;
				CLANG_WARN_COMMA = YES;
				CLANG_WARN_CONSTANT_CONVERSION = YES;
				CLANG_WARN_DEPRECATED_OBJC_IMPLEMENTATIONS = YES;
				CLANG_WARN_DIRECT_OBJC_ISA_USAGE = YES_ERROR;
				CLANG_WARN_DOCUMENTATION_COMMENTS = YES;
				CLANG_WARN_EMPTY_BODY = YES;
				CLANG_WARN_ENUM_CONVERSION = YES;
				CLANG_WARN_INFINITE_RECURSION = YES;
				CLANG_WARN_INT_CONVERSION = YES;
				CLANG_WARN_NON_LITERAL_NULL_CONVERSION = YES;
				CLANG_WARN_OBJC_IMPLICIT_RETAIN_SELF = YES;
				CLANG_WARN_OBJC_LITERAL_CONVERSION = YES;
				CLANG_WARN_OBJC_ROOT_CLASS = YES_ERROR;
				CLANG_WARN_QUOTED_INCLUDE_IN_FRAMEWORK_HEADER = YES;
				CLANG_WARN_RANGE_LOOP_ANALYSIS = YES;
				CLANG_WARN_STRICT_PROTOTYPES = YES;
				CLANG_WARN_SUSPICIOUS_MOVE = YES;
				CLANG_WARN_UNGUARDED_AVAILABILITY = YES_AGGRESSIVE;
				CLANG_WARN_UNREACHABLE_CODE = YES;
				CLANG_WARN__DUPLICATE_METHOD_MATCH = YES;
				COPY_PHASE_STRIP = NO;
				DEBUG_INFORMATION_FORMAT = "dwarf-with-dsym";
				ENABLE_NS_ASSERTIONS = NO;
				ENABLE_STRICT_OBJC_MSGSEND = YES;
				GCC_C_LANGUAGE_STANDARD = gnu11;
				GCC_NO_COMMON_BLOCKS = YES;
				GCC_WARN_64_TO_32_BIT_CONVERSION = YES;
				GCC_WARN_ABOUT_RETURN_TYPE = YES_ERROR;
				GCC_WARN_UNDECLARED_SELECTOR = YES;
				GCC_WARN_UNINITIALIZED_AUTOS = YES_AGGRESSIVE;
				GCC_WARN_UNUSED_FUNCTION = YES;
				GCC_WARN_UNUSED_VARIABLE = YES;
				IPHONEOS_DEPLOYMENT_TARGET = 15.2;
				MTL_ENABLE_DEBUG_INFO = NO;
				MTL_FAST_MATH = YES;
				SDKROOT = iphoneos;
				SWIFT_COMPILATION_MODE = wholemodule;
				SWIFT_OPTIMIZATION_LEVEL = "-O";
				VALIDATE_PRODUCT = YES;
			};
			name = Release;
		};
		A00A6DAF27BAB6E0003DC8C5 /* Debug */ = {
			isa = XCBuildConfiguration;
			buildSettings = {
				ASSETCATALOG_COMPILER_APPICON_NAME = AppIcon;
				ASSETCATALOG_COMPILER_GLOBAL_ACCENT_COLOR_NAME = AccentColor;
				CODE_SIGN_ENTITLEMENTS = UltimatePortfolio/UltimatePortfolio.entitlements;
				CODE_SIGN_STYLE = Automatic;
				CURRENT_PROJECT_VERSION = 1;
				DEVELOPMENT_ASSET_PATHS = "\"UltimatePortfolio/Preview Content\"";
				DEVELOPMENT_TEAM = 8XCM92Q3Y3;
				ENABLE_PREVIEWS = YES;
				GENERATE_INFOPLIST_FILE = YES;
				INFOPLIST_FILE = UltimatePortfolio/Info.plist;
				INFOPLIST_KEY_UIApplicationSceneManifest_Generation = YES;
				INFOPLIST_KEY_UIApplicationSupportsIndirectInputEvents = YES;
				INFOPLIST_KEY_UILaunchScreen_Generation = YES;
				INFOPLIST_KEY_UISupportedInterfaceOrientations_iPad = "UIInterfaceOrientationPortrait UIInterfaceOrientationPortraitUpsideDown UIInterfaceOrientationLandscapeLeft UIInterfaceOrientationLandscapeRight";
				INFOPLIST_KEY_UISupportedInterfaceOrientations_iPhone = "UIInterfaceOrientationPortrait UIInterfaceOrientationLandscapeLeft UIInterfaceOrientationLandscapeRight";
				LD_RUNPATH_SEARCH_PATHS = (
					"$(inherited)",
					"@executable_path/Frameworks",
				);
				MARKETING_VERSION = 1.0;
				PRODUCT_BUNDLE_IDENTIFIER = com.jaredtamulynas.UltimatePortf;
				PRODUCT_NAME = "$(TARGET_NAME)";
				SWIFT_EMIT_LOC_STRINGS = YES;
				SWIFT_VERSION = 5.0;
				TARGETED_DEVICE_FAMILY = "1,2";
			};
			name = Debug;
		};
		A00A6DB027BAB6E0003DC8C5 /* Release */ = {
			isa = XCBuildConfiguration;
			buildSettings = {
				ASSETCATALOG_COMPILER_APPICON_NAME = AppIcon;
				ASSETCATALOG_COMPILER_GLOBAL_ACCENT_COLOR_NAME = AccentColor;
				CODE_SIGN_ENTITLEMENTS = UltimatePortfolio/UltimatePortfolio.entitlements;
				CODE_SIGN_STYLE = Automatic;
				CURRENT_PROJECT_VERSION = 1;
				DEVELOPMENT_ASSET_PATHS = "\"UltimatePortfolio/Preview Content\"";
				DEVELOPMENT_TEAM = 8XCM92Q3Y3;
				ENABLE_PREVIEWS = YES;
				GENERATE_INFOPLIST_FILE = YES;
				INFOPLIST_FILE = UltimatePortfolio/Info.plist;
				INFOPLIST_KEY_UIApplicationSceneManifest_Generation = YES;
				INFOPLIST_KEY_UIApplicationSupportsIndirectInputEvents = YES;
				INFOPLIST_KEY_UILaunchScreen_Generation = YES;
				INFOPLIST_KEY_UISupportedInterfaceOrientations_iPad = "UIInterfaceOrientationPortrait UIInterfaceOrientationPortraitUpsideDown UIInterfaceOrientationLandscapeLeft UIInterfaceOrientationLandscapeRight";
				INFOPLIST_KEY_UISupportedInterfaceOrientations_iPhone = "UIInterfaceOrientationPortrait UIInterfaceOrientationLandscapeLeft UIInterfaceOrientationLandscapeRight";
				LD_RUNPATH_SEARCH_PATHS = (
					"$(inherited)",
					"@executable_path/Frameworks",
				);
				MARKETING_VERSION = 1.0;
				PRODUCT_BUNDLE_IDENTIFIER = com.jaredtamulynas.UltimatePortf;
				PRODUCT_NAME = "$(TARGET_NAME)";
				SWIFT_EMIT_LOC_STRINGS = YES;
				SWIFT_VERSION = 5.0;
				TARGETED_DEVICE_FAMILY = "1,2";
			};
			name = Release;
		};
/* End XCBuildConfiguration section */

/* Begin XCConfigurationList section */
		A00A6D9B27BAB6E0003DC8C5 /* Build configuration list for PBXProject "UltimatePortfolio" */ = {
			isa = XCConfigurationList;
			buildConfigurations = (
				A00A6DAC27BAB6E0003DC8C5 /* Debug */,
				A00A6DAD27BAB6E0003DC8C5 /* Release */,
			);
			defaultConfigurationIsVisible = 0;
			defaultConfigurationName = Release;
		};
		A00A6DAE27BAB6E0003DC8C5 /* Build configuration list for PBXNativeTarget "UltimatePortfolio" */ = {
			isa = XCConfigurationList;
			buildConfigurations = (
				A00A6DAF27BAB6E0003DC8C5 /* Debug */,
				A00A6DB027BAB6E0003DC8C5 /* Release */,
			);
			defaultConfigurationIsVisible = 0;
			defaultConfigurationName = Release;
		};
/* End XCConfigurationList section */

/* Begin XCVersionGroup section */
		A00A6DB127BAB74B003DC8C5 /* Main.xcdatamodeld */ = {
			isa = XCVersionGroup;
			children = (
				A00A6DB227BAB74B003DC8C5 /* Main.xcdatamodel */,
			);
			currentVersion = A00A6DB227BAB74B003DC8C5 /* Main.xcdatamodel */;
			path = Main.xcdatamodeld;
			sourceTree = "<group>";
			versionGroupType = wrapper.xcdatamodel;
		};
/* End XCVersionGroup section */
	};
	rootObject = A00A6D9827BAB6E0003DC8C5 /* Project object */;
}
